
Microsoft Visual Studio Solution File, Format Version 12.00
# Visual Studio Version 17
VisualStudioVersion = 17.10.34902.84
MinimumVisualStudioVersion = 10.0.40219.1
Project("{FAE04EC0-301F-11D3-BF4B-00C04F79EFBC}") = "RealNumberBasic", "RealNumberBasic\RealNumberBasic.csproj", "{2E1671FF-6B1C-4CFD-8D1C-3E58C15DF328}"
EndProject
Global
	GlobalSection(SolutionConfigurationPlatforms) = preSolution
		Debug|Any CPU = Debug|Any CPU
		Release|Any CPU = Release|Any CPU
	EndGlobalSection
	GlobalSection(ProjectConfigurationPlatforms) = postSolution
		{2E1671FF-6B1C-4CFD-8D1C-3E58C15DF328}.Debug|Any CPU.ActiveCfg = Debug|Any CPU
		{2E1671FF-6B1C-4CFD-8D1C-3E58C15DF328}.Debug|Any CPU.Build.0 = Debug|Any CPU
		{2E1671FF-6B1C-4CFD-8D1C-3E58C15DF328}.Release|Any CPU.ActiveCfg = Release|Any CPU
		{2E1671FF-6B1C-4CFD-8D1C-3E58C15DF328}.Release|Any CPU.Build.0 = Release|Any CPU
	EndGlobalSection
	GlobalSection(SolutionProperties) = preSolution
		HideSolutionNode = FALSE
	EndGlobalSection
	GlobalSection(ExtensibilityGlobals) = postSolution
		SolutionGuid = {78B234E5-EF2A-48D6-8980-4494F289E858}
	EndGlobalSection
EndGlobal
