
Microsoft Visual Studio Solution File, Format Version 12.00
# Visual Studio Version 17
VisualStudioVersion = 17.11.35222.181
MinimumVisualStudioVersion = 10.0.40219.1
Project("{FAE04EC0-301F-11D3-BF4B-00C04F79EFBC}") = "OrderBy", "OrderBy\OrderBy.csproj", "{77A2E5B0-A93D-4473-99B7-D8D15E63AFDD}"
EndProject
Global
	GlobalSection(SolutionConfigurationPlatforms) = preSolution
		Debug|Any CPU = Debug|Any CPU
		Release|Any CPU = Release|Any CPU
	EndGlobalSection
	GlobalSection(ProjectConfigurationPlatforms) = postSolution
		{77A2E5B0-A93D-4473-99B7-D8D15E63AFDD}.Debug|Any CPU.ActiveCfg = Debug|Any CPU
		{77A2E5B0-A93D-4473-99B7-D8D15E63AFDD}.Debug|Any CPU.Build.0 = Debug|Any CPU
		{77A2E5B0-A93D-4473-99B7-D8D15E63AFDD}.Release|Any CPU.ActiveCfg = Release|Any CPU
		{77A2E5B0-A93D-4473-99B7-D8D15E63AFDD}.Release|Any CPU.Build.0 = Release|Any CPU
	EndGlobalSection
	GlobalSection(SolutionProperties) = preSolution
		HideSolutionNode = FALSE
	EndGlobalSection
	GlobalSection(ExtensibilityGlobals) = postSolution
		SolutionGuid = {FD9971D8-42BD-4F6A-A5EC-E3A3EC08E6D1}
	EndGlobalSection
EndGlobal
