
Microsoft Visual Studio Solution File, Format Version 12.00
# Visual Studio Version 17
VisualStudioVersion = 17.10.34916.146
MinimumVisualStudioVersion = 10.0.40219.1
Project("{FAE04EC0-301F-11D3-BF4B-00C04F79EFBC}") = "PrivateModifiers", "PrivateModifiers\PrivateModifiers.csproj", "{07378D3D-AB83-4308-91C7-E363E8309BB1}"
EndProject
Global
	GlobalSection(SolutionConfigurationPlatforms) = preSolution
		Debug|Any CPU = Debug|Any CPU
		Release|Any CPU = Release|Any CPU
	EndGlobalSection
	GlobalSection(ProjectConfigurationPlatforms) = postSolution
		{07378D3D-AB83-4308-91C7-E363E8309BB1}.Debug|Any CPU.ActiveCfg = Debug|Any CPU
		{07378D3D-AB83-4308-91C7-E363E8309BB1}.Debug|Any CPU.Build.0 = Debug|Any CPU
		{07378D3D-AB83-4308-91C7-E363E8309BB1}.Release|Any CPU.ActiveCfg = Release|Any CPU
		{07378D3D-AB83-4308-91C7-E363E8309BB1}.Release|Any CPU.Build.0 = Release|Any CPU
	EndGlobalSection
	GlobalSection(SolutionProperties) = preSolution
		HideSolutionNode = FALSE
	EndGlobalSection
	GlobalSection(ExtensibilityGlobals) = postSolution
		SolutionGuid = {0ED1A7EB-6CA8-4116-B05F-9A2579EADF14}
	EndGlobalSection
EndGlobal
