
Microsoft Visual Studio Solution File, Format Version 12.00
# Visual Studio Version 17
VisualStudioVersion = 17.10.34916.146
MinimumVisualStudioVersion = 10.0.40219.1
Project("{FAE04EC0-301F-11D3-BF4B-00C04F79EFBC}") = "SumWithFor", "SumWithFor\SumWithFor.csproj", "{4D87C2D9-3452-4FFF-B815-788EB0451176}"
EndProject
Global
	GlobalSection(SolutionConfigurationPlatforms) = preSolution
		Debug|Any CPU = Debug|Any CPU
		Release|Any CPU = Release|Any CPU
	EndGlobalSection
	GlobalSection(ProjectConfigurationPlatforms) = postSolution
		{4D87C2D9-3452-4FFF-B815-788EB0451176}.Debug|Any CPU.ActiveCfg = Debug|Any CPU
		{4D87C2D9-3452-4FFF-B815-788EB0451176}.Debug|Any CPU.Build.0 = Debug|Any CPU
		{4D87C2D9-3452-4FFF-B815-788EB0451176}.Release|Any CPU.ActiveCfg = Release|Any CPU
		{4D87C2D9-3452-4FFF-B815-788EB0451176}.Release|Any CPU.Build.0 = Release|Any CPU
	EndGlobalSection
	GlobalSection(SolutionProperties) = preSolution
		HideSolutionNode = FALSE
	EndGlobalSection
	GlobalSection(ExtensibilityGlobals) = postSolution
		SolutionGuid = {F67C972F-EE22-4DBB-BA24-8DDACC482390}
	EndGlobalSection
EndGlobal
