
Microsoft Visual Studio Solution File, Format Version 12.00
# Visual Studio Version 17
VisualStudioVersion = 17.10.34902.84
MinimumVisualStudioVersion = 10.0.40219.1
Project("{FAE04EC0-301F-11D3-BF4B-00C04F79EFBC}") = "StringConnection", "StringConnection\StringConnection.csproj", "{6AEE1B5A-7653-48F1-962F-94D16A49B649}"
EndProject
Global
	GlobalSection(SolutionConfigurationPlatforms) = preSolution
		Debug|Any CPU = Debug|Any CPU
		Release|Any CPU = Release|Any CPU
	EndGlobalSection
	GlobalSection(ProjectConfigurationPlatforms) = postSolution
		{6AEE1B5A-7653-48F1-962F-94D16A49B649}.Debug|Any CPU.ActiveCfg = Debug|Any CPU
		{6AEE1B5A-7653-48F1-962F-94D16A49B649}.Debug|Any CPU.Build.0 = Debug|Any CPU
		{6AEE1B5A-7653-48F1-962F-94D16A49B649}.Release|Any CPU.ActiveCfg = Release|Any CPU
		{6AEE1B5A-7653-48F1-962F-94D16A49B649}.Release|Any CPU.Build.0 = Release|Any CPU
	EndGlobalSection
	GlobalSection(SolutionProperties) = preSolution
		HideSolutionNode = FALSE
	EndGlobalSection
	GlobalSection(ExtensibilityGlobals) = postSolution
		SolutionGuid = {5FDBBDF0-87DE-493A-9891-3C84DEC1867C}
	EndGlobalSection
EndGlobal
