
Microsoft Visual Studio Solution File, Format Version 12.00
# Visual Studio Version 17
VisualStudioVersion = 17.11.35222.181
MinimumVisualStudioVersion = 10.0.40219.1
Project("{FAE04EC0-301F-11D3-BF4B-00C04F79EFBC}") = "ThrowBasic", "ThrowBasic\ThrowBasic.csproj", "{942B9F7F-0661-4F3E-AB4F-445E56B888AF}"
EndProject
Global
	GlobalSection(SolutionConfigurationPlatforms) = preSolution
		Debug|Any CPU = Debug|Any CPU
		Release|Any CPU = Release|Any CPU
	EndGlobalSection
	GlobalSection(ProjectConfigurationPlatforms) = postSolution
		{942B9F7F-0661-4F3E-AB4F-445E56B888AF}.Debug|Any CPU.ActiveCfg = Debug|Any CPU
		{942B9F7F-0661-4F3E-AB4F-445E56B888AF}.Debug|Any CPU.Build.0 = Debug|Any CPU
		{942B9F7F-0661-4F3E-AB4F-445E56B888AF}.Release|Any CPU.ActiveCfg = Release|Any CPU
		{942B9F7F-0661-4F3E-AB4F-445E56B888AF}.Release|Any CPU.Build.0 = Release|Any CPU
	EndGlobalSection
	GlobalSection(SolutionProperties) = preSolution
		HideSolutionNode = FALSE
	EndGlobalSection
	GlobalSection(ExtensibilityGlobals) = postSolution
		SolutionGuid = {C9E30989-3A61-48E5-A3A9-EEA67683C673}
	EndGlobalSection
EndGlobal
