
Microsoft Visual Studio Solution File, Format Version 12.00
# Visual Studio Version 17
VisualStudioVersion = 17.11.35222.181
MinimumVisualStudioVersion = 10.0.40219.1
Project("{FAE04EC0-301F-11D3-BF4B-00C04F79EFBC}") = "ConstructorWithCounter", "ConstructorWithCounter\ConstructorWithCounter.csproj", "{CF08CE47-AA19-45C2-9A4D-931965273EFC}"
EndProject
Global
	GlobalSection(SolutionConfigurationPlatforms) = preSolution
		Debug|Any CPU = Debug|Any CPU
		Release|Any CPU = Release|Any CPU
	EndGlobalSection
	GlobalSection(ProjectConfigurationPlatforms) = postSolution
		{CF08CE47-AA19-45C2-9A4D-931965273EFC}.Debug|Any CPU.ActiveCfg = Debug|Any CPU
		{CF08CE47-AA19-45C2-9A4D-931965273EFC}.Debug|Any CPU.Build.0 = Debug|Any CPU
		{CF08CE47-AA19-45C2-9A4D-931965273EFC}.Release|Any CPU.ActiveCfg = Release|Any CPU
		{CF08CE47-AA19-45C2-9A4D-931965273EFC}.Release|Any CPU.Build.0 = Release|Any CPU
	EndGlobalSection
	GlobalSection(SolutionProperties) = preSolution
		HideSolutionNode = FALSE
	EndGlobalSection
	GlobalSection(ExtensibilityGlobals) = postSolution
		SolutionGuid = {967D5F66-EDD8-439F-9F3F-5B4186553032}
	EndGlobalSection
EndGlobal
