
Microsoft Visual Studio Solution File, Format Version 12.00
# Visual Studio Version 17
VisualStudioVersion = 17.10.34916.146
MinimumVisualStudioVersion = 10.0.40219.1
Project("{FAE04EC0-301F-11D3-BF4B-00C04F79EFBC}") = "Input", "Input\Input.csproj", "{4F2B23F5-665F-4D00-A399-2B059EC68F6A}"
EndProject
Global
	GlobalSection(SolutionConfigurationPlatforms) = preSolution
		Debug|Any CPU = Debug|Any CPU
		Release|Any CPU = Release|Any CPU
	EndGlobalSection
	GlobalSection(ProjectConfigurationPlatforms) = postSolution
		{4F2B23F5-665F-4D00-A399-2B059EC68F6A}.Debug|Any CPU.ActiveCfg = Debug|Any CPU
		{4F2B23F5-665F-4D00-A399-2B059EC68F6A}.Debug|Any CPU.Build.0 = Debug|Any CPU
		{4F2B23F5-665F-4D00-A399-2B059EC68F6A}.Release|Any CPU.ActiveCfg = Release|Any CPU
		{4F2B23F5-665F-4D00-A399-2B059EC68F6A}.Release|Any CPU.Build.0 = Release|Any CPU
	EndGlobalSection
	GlobalSection(SolutionProperties) = preSolution
		HideSolutionNode = FALSE
	EndGlobalSection
	GlobalSection(ExtensibilityGlobals) = postSolution
		SolutionGuid = {4E54AAA1-E1B1-4056-895F-88DB8BBDD624}
	EndGlobalSection
EndGlobal
