
Microsoft Visual Studio Solution File, Format Version 12.00
# Visual Studio Version 17
VisualStudioVersion = 17.10.34916.146
MinimumVisualStudioVersion = 10.0.40219.1
Project("{FAE04EC0-301F-11D3-BF4B-00C04F79EFBC}") = "ThreeModifiers", "ThreeModifiers\ThreeModifiers.csproj", "{4930D3AD-B351-4F61-B883-86D56D412239}"
EndProject
Global
	GlobalSection(SolutionConfigurationPlatforms) = preSolution
		Debug|Any CPU = Debug|Any CPU
		Release|Any CPU = Release|Any CPU
	EndGlobalSection
	GlobalSection(ProjectConfigurationPlatforms) = postSolution
		{4930D3AD-B351-4F61-B883-86D56D412239}.Debug|Any CPU.ActiveCfg = Debug|Any CPU
		{4930D3AD-B351-4F61-B883-86D56D412239}.Debug|Any CPU.Build.0 = Debug|Any CPU
		{4930D3AD-B351-4F61-B883-86D56D412239}.Release|Any CPU.ActiveCfg = Release|Any CPU
		{4930D3AD-B351-4F61-B883-86D56D412239}.Release|Any CPU.Build.0 = Release|Any CPU
	EndGlobalSection
	GlobalSection(SolutionProperties) = preSolution
		HideSolutionNode = FALSE
	EndGlobalSection
	GlobalSection(ExtensibilityGlobals) = postSolution
		SolutionGuid = {C1683B20-1D01-4345-A61A-3AFE15946011}
	EndGlobalSection
EndGlobal
