
Microsoft Visual Studio Solution File, Format Version 12.00
# Visual Studio Version 17
VisualStudioVersion = 17.11.35222.181
MinimumVisualStudioVersion = 10.0.40219.1
Project("{FAE04EC0-301F-11D3-BF4B-00C04F79EFBC}") = "CheckBoxForm", "CheckBoxForm\CheckBoxForm.csproj", "{74AAFE30-7E0A-4652-8E61-0A62C962B9CA}"
EndProject
Global
	GlobalSection(SolutionConfigurationPlatforms) = preSolution
		Debug|Any CPU = Debug|Any CPU
		Release|Any CPU = Release|Any CPU
	EndGlobalSection
	GlobalSection(ProjectConfigurationPlatforms) = postSolution
		{74AAFE30-7E0A-4652-8E61-0A62C962B9CA}.Debug|Any CPU.ActiveCfg = Debug|Any CPU
		{74AAFE30-7E0A-4652-8E61-0A62C962B9CA}.Debug|Any CPU.Build.0 = Debug|Any CPU
		{74AAFE30-7E0A-4652-8E61-0A62C962B9CA}.Release|Any CPU.ActiveCfg = Release|Any CPU
		{74AAFE30-7E0A-4652-8E61-0A62C962B9CA}.Release|Any CPU.Build.0 = Release|Any CPU
	EndGlobalSection
	GlobalSection(SolutionProperties) = preSolution
		HideSolutionNode = FALSE
	EndGlobalSection
	GlobalSection(ExtensibilityGlobals) = postSolution
		SolutionGuid = {F6F69732-26CF-411F-9587-EFC38E68BD03}
	EndGlobalSection
EndGlobal
