
Microsoft Visual Studio Solution File, Format Version 12.00
# Visual Studio Version 17
VisualStudioVersion = 17.10.34916.146
MinimumVisualStudioVersion = 10.0.40219.1
Project("{FAE04EC0-301F-11D3-BF4B-00C04F79EFBC}") = "FirstProgram", "FirstProgram\FirstProgram.csproj", "{9E417C1C-FFB4-46DB-B8E1-6E537660DDA2}"
EndProject
Global
	GlobalSection(SolutionConfigurationPlatforms) = preSolution
		Debug|Any CPU = Debug|Any CPU
		Release|Any CPU = Release|Any CPU
	EndGlobalSection
	GlobalSection(ProjectConfigurationPlatforms) = postSolution
		{9E417C1C-FFB4-46DB-B8E1-6E537660DDA2}.Debug|Any CPU.ActiveCfg = Debug|Any CPU
		{9E417C1C-FFB4-46DB-B8E1-6E537660DDA2}.Debug|Any CPU.Build.0 = Debug|Any CPU
		{9E417C1C-FFB4-46DB-B8E1-6E537660DDA2}.Release|Any CPU.ActiveCfg = Release|Any CPU
		{9E417C1C-FFB4-46DB-B8E1-6E537660DDA2}.Release|Any CPU.Build.0 = Release|Any CPU
	EndGlobalSection
	GlobalSection(SolutionProperties) = preSolution
		HideSolutionNode = FALSE
	EndGlobalSection
	GlobalSection(ExtensibilityGlobals) = postSolution
		SolutionGuid = {C4322CD0-5305-4FF0-A45D-2EB8462A3549}
	EndGlobalSection
EndGlobal
