
Microsoft Visual Studio Solution File, Format Version 12.00
# Visual Studio Version 17
VisualStudioVersion = 17.10.34916.146
MinimumVisualStudioVersion = 10.0.40219.1
Project("{FAE04EC0-301F-11D3-BF4B-00C04F79EFBC}") = "IfBasic", "IfBasic\IfBasic.csproj", "{29D42200-B1DD-465F-AAA8-AFAF83620EC5}"
EndProject
Global
	GlobalSection(SolutionConfigurationPlatforms) = preSolution
		Debug|Any CPU = Debug|Any CPU
		Release|Any CPU = Release|Any CPU
	EndGlobalSection
	GlobalSection(ProjectConfigurationPlatforms) = postSolution
		{29D42200-B1DD-465F-AAA8-AFAF83620EC5}.Debug|Any CPU.ActiveCfg = Debug|Any CPU
		{29D42200-B1DD-465F-AAA8-AFAF83620EC5}.Debug|Any CPU.Build.0 = Debug|Any CPU
		{29D42200-B1DD-465F-AAA8-AFAF83620EC5}.Release|Any CPU.ActiveCfg = Release|Any CPU
		{29D42200-B1DD-465F-AAA8-AFAF83620EC5}.Release|Any CPU.Build.0 = Release|Any CPU
	EndGlobalSection
	GlobalSection(SolutionProperties) = preSolution
		HideSolutionNode = FALSE
	EndGlobalSection
	GlobalSection(ExtensibilityGlobals) = postSolution
		SolutionGuid = {1F7C9CEC-27E1-4B59-8F69-72D229F501E1}
	EndGlobalSection
EndGlobal
