
Microsoft Visual Studio Solution File, Format Version 12.00
# Visual Studio Version 17
VisualStudioVersion = 17.10.34916.146
MinimumVisualStudioVersion = 10.0.40219.1
Project("{FAE04EC0-301F-11D3-BF4B-00C04F79EFBC}") = "WhileBasic", "WhileBasic\WhileBasic.csproj", "{71D1015C-7C7C-4D2D-A768-B82583904EAE}"
EndProject
Global
	GlobalSection(SolutionConfigurationPlatforms) = preSolution
		Debug|Any CPU = Debug|Any CPU
		Release|Any CPU = Release|Any CPU
	EndGlobalSection
	GlobalSection(ProjectConfigurationPlatforms) = postSolution
		{71D1015C-7C7C-4D2D-A768-B82583904EAE}.Debug|Any CPU.ActiveCfg = Debug|Any CPU
		{71D1015C-7C7C-4D2D-A768-B82583904EAE}.Debug|Any CPU.Build.0 = Debug|Any CPU
		{71D1015C-7C7C-4D2D-A768-B82583904EAE}.Release|Any CPU.ActiveCfg = Release|Any CPU
		{71D1015C-7C7C-4D2D-A768-B82583904EAE}.Release|Any CPU.Build.0 = Release|Any CPU
	EndGlobalSection
	GlobalSection(SolutionProperties) = preSolution
		HideSolutionNode = FALSE
	EndGlobalSection
	GlobalSection(ExtensibilityGlobals) = postSolution
		SolutionGuid = {36522C7F-46BD-4F99-B157-DFB5663FF9BC}
	EndGlobalSection
EndGlobal
