
Microsoft Visual Studio Solution File, Format Version 12.00
# Visual Studio Version 17
VisualStudioVersion = 17.10.34916.146
MinimumVisualStudioVersion = 10.0.40219.1
Project("{FAE04EC0-301F-11D3-BF4B-00C04F79EFBC}") = "Indexers", "Indexers\Indexers.csproj", "{7D465396-3A26-43D8-A5E0-3E441C484AB4}"
EndProject
Global
	GlobalSection(SolutionConfigurationPlatforms) = preSolution
		Debug|Any CPU = Debug|Any CPU
		Release|Any CPU = Release|Any CPU
	EndGlobalSection
	GlobalSection(ProjectConfigurationPlatforms) = postSolution
		{7D465396-3A26-43D8-A5E0-3E441C484AB4}.Debug|Any CPU.ActiveCfg = Debug|Any CPU
		{7D465396-3A26-43D8-A5E0-3E441C484AB4}.Debug|Any CPU.Build.0 = Debug|Any CPU
		{7D465396-3A26-43D8-A5E0-3E441C484AB4}.Release|Any CPU.ActiveCfg = Release|Any CPU
		{7D465396-3A26-43D8-A5E0-3E441C484AB4}.Release|Any CPU.Build.0 = Release|Any CPU
	EndGlobalSection
	GlobalSection(SolutionProperties) = preSolution
		HideSolutionNode = FALSE
	EndGlobalSection
	GlobalSection(ExtensibilityGlobals) = postSolution
		SolutionGuid = {61A47A7A-8A5D-4A6D-9866-761510A3D5C2}
	EndGlobalSection
EndGlobal
