
Microsoft Visual Studio Solution File, Format Version 12.00
# Visual Studio Version 17
VisualStudioVersion = 17.10.34916.146
MinimumVisualStudioVersion = 10.0.40219.1
Project("{FAE04EC0-301F-11D3-BF4B-00C04F79EFBC}") = "BInheritance", "BInheritance\BInheritance.csproj", "{4CC3E600-129E-41CA-BBE0-C16AE2CCD85B}"
EndProject
Global
	GlobalSection(SolutionConfigurationPlatforms) = preSolution
		Debug|Any CPU = Debug|Any CPU
		Release|Any CPU = Release|Any CPU
	EndGlobalSection
	GlobalSection(ProjectConfigurationPlatforms) = postSolution
		{4CC3E600-129E-41CA-BBE0-C16AE2CCD85B}.Debug|Any CPU.ActiveCfg = Debug|Any CPU
		{4CC3E600-129E-41CA-BBE0-C16AE2CCD85B}.Debug|Any CPU.Build.0 = Debug|Any CPU
		{4CC3E600-129E-41CA-BBE0-C16AE2CCD85B}.Release|Any CPU.ActiveCfg = Release|Any CPU
		{4CC3E600-129E-41CA-BBE0-C16AE2CCD85B}.Release|Any CPU.Build.0 = Release|Any CPU
	EndGlobalSection
	GlobalSection(SolutionProperties) = preSolution
		HideSolutionNode = FALSE
	EndGlobalSection
	GlobalSection(ExtensibilityGlobals) = postSolution
		SolutionGuid = {1471204C-A907-41F9-8616-424B3E710969}
	EndGlobalSection
EndGlobal
