
Microsoft Visual Studio Solution File, Format Version 12.00
# Visual Studio Version 17
VisualStudioVersion = 17.11.35222.181
MinimumVisualStudioVersion = 10.0.40219.1
Project("{FAE04EC0-301F-11D3-BF4B-00C04F79EFBC}") = "Where", "Where\Where.csproj", "{AF76D83F-DC3B-4293-8AC8-AC183E6AE571}"
EndProject
Global
	GlobalSection(SolutionConfigurationPlatforms) = preSolution
		Debug|Any CPU = Debug|Any CPU
		Release|Any CPU = Release|Any CPU
	EndGlobalSection
	GlobalSection(ProjectConfigurationPlatforms) = postSolution
		{AF76D83F-DC3B-4293-8AC8-AC183E6AE571}.Debug|Any CPU.ActiveCfg = Debug|Any CPU
		{AF76D83F-DC3B-4293-8AC8-AC183E6AE571}.Debug|Any CPU.Build.0 = Debug|Any CPU
		{AF76D83F-DC3B-4293-8AC8-AC183E6AE571}.Release|Any CPU.ActiveCfg = Release|Any CPU
		{AF76D83F-DC3B-4293-8AC8-AC183E6AE571}.Release|Any CPU.Build.0 = Release|Any CPU
	EndGlobalSection
	GlobalSection(SolutionProperties) = preSolution
		HideSolutionNode = FALSE
	EndGlobalSection
	GlobalSection(ExtensibilityGlobals) = postSolution
		SolutionGuid = {87CF0F23-C954-4F57-9C04-A90D573EAD31}
	EndGlobalSection
EndGlobal
