
Microsoft Visual Studio Solution File, Format Version 12.00
# Visual Studio Version 17
VisualStudioVersion = 17.10.34902.84
MinimumVisualStudioVersion = 10.0.40219.1
Project("{FAE04EC0-301F-11D3-BF4B-00C04F79EFBC}") = "IncrementOperatorPosition", "IncrementOperatorPosition\IncrementOperatorPosition.csproj", "{11B50442-614E-4EF0-B5A9-7A5F7D73F1BA}"
EndProject
Global
	GlobalSection(SolutionConfigurationPlatforms) = preSolution
		Debug|Any CPU = Debug|Any CPU
		Release|Any CPU = Release|Any CPU
	EndGlobalSection
	GlobalSection(ProjectConfigurationPlatforms) = postSolution
		{11B50442-614E-4EF0-B5A9-7A5F7D73F1BA}.Debug|Any CPU.ActiveCfg = Debug|Any CPU
		{11B50442-614E-4EF0-B5A9-7A5F7D73F1BA}.Debug|Any CPU.Build.0 = Debug|Any CPU
		{11B50442-614E-4EF0-B5A9-7A5F7D73F1BA}.Release|Any CPU.ActiveCfg = Release|Any CPU
		{11B50442-614E-4EF0-B5A9-7A5F7D73F1BA}.Release|Any CPU.Build.0 = Release|Any CPU
	EndGlobalSection
	GlobalSection(SolutionProperties) = preSolution
		HideSolutionNode = FALSE
	EndGlobalSection
	GlobalSection(ExtensibilityGlobals) = postSolution
		SolutionGuid = {FA681BE7-BC99-4E20-96D9-167633722EC8}
	EndGlobalSection
EndGlobal
