
Microsoft Visual Studio Solution File, Format Version 12.00
# Visual Studio Version 17
VisualStudioVersion = 17.11.35222.181
MinimumVisualStudioVersion = 10.0.40219.1
Project("{FAE04EC0-301F-11D3-BF4B-00C04F79EFBC}") = "Callback", "Callback\Callback.csproj", "{E6E9191C-958E-4ABE-A7A7-2FD0BB9CED3A}"
EndProject
Global
	GlobalSection(SolutionConfigurationPlatforms) = preSolution
		Debug|Any CPU = Debug|Any CPU
		Release|Any CPU = Release|Any CPU
	EndGlobalSection
	GlobalSection(ProjectConfigurationPlatforms) = postSolution
		{E6E9191C-958E-4ABE-A7A7-2FD0BB9CED3A}.Debug|Any CPU.ActiveCfg = Debug|Any CPU
		{E6E9191C-958E-4ABE-A7A7-2FD0BB9CED3A}.Debug|Any CPU.Build.0 = Debug|Any CPU
		{E6E9191C-958E-4ABE-A7A7-2FD0BB9CED3A}.Release|Any CPU.ActiveCfg = Release|Any CPU
		{E6E9191C-958E-4ABE-A7A7-2FD0BB9CED3A}.Release|Any CPU.Build.0 = Release|Any CPU
	EndGlobalSection
	GlobalSection(SolutionProperties) = preSolution
		HideSolutionNode = FALSE
	EndGlobalSection
	GlobalSection(ExtensibilityGlobals) = postSolution
		SolutionGuid = {3FABF295-B532-4FBA-94F3-4F3FA76C99CC}
	EndGlobalSection
EndGlobal
