
Microsoft Visual Studio Solution File, Format Version 12.00
# Visual Studio Version 17
VisualStudioVersion = 17.10.34902.84
MinimumVisualStudioVersion = 10.0.40219.1
Project("{FAE04EC0-301F-11D3-BF4B-00C04F79EFBC}") = "CharacterVariable", "CharacterVariable\CharacterVariable.csproj", "{3DE4521D-18A0-4AA0-8104-4DFFAF512DA8}"
EndProject
Global
	GlobalSection(SolutionConfigurationPlatforms) = preSolution
		Debug|Any CPU = Debug|Any CPU
		Release|Any CPU = Release|Any CPU
	EndGlobalSection
	GlobalSection(ProjectConfigurationPlatforms) = postSolution
		{3DE4521D-18A0-4AA0-8104-4DFFAF512DA8}.Debug|Any CPU.ActiveCfg = Debug|Any CPU
		{3DE4521D-18A0-4AA0-8104-4DFFAF512DA8}.Debug|Any CPU.Build.0 = Debug|Any CPU
		{3DE4521D-18A0-4AA0-8104-4DFFAF512DA8}.Release|Any CPU.ActiveCfg = Release|Any CPU
		{3DE4521D-18A0-4AA0-8104-4DFFAF512DA8}.Release|Any CPU.Build.0 = Release|Any CPU
	EndGlobalSection
	GlobalSection(SolutionProperties) = preSolution
		HideSolutionNode = FALSE
	EndGlobalSection
	GlobalSection(ExtensibilityGlobals) = postSolution
		SolutionGuid = {818EBE3D-32EE-4EED-9A38-3CE556B98594}
	EndGlobalSection
EndGlobal
