
Microsoft Visual Studio Solution File, Format Version 12.00
# Visual Studio Version 17
VisualStudioVersion = 17.10.34916.146
MinimumVisualStudioVersion = 10.0.40219.1
Project("{FAE04EC0-301F-11D3-BF4B-00C04F79EFBC}") = "Destructor", "Destructor\Destructor.csproj", "{B035933A-0895-45FA-BDEE-D7B216CDBEA6}"
EndProject
Global
	GlobalSection(SolutionConfigurationPlatforms) = preSolution
		Debug|Any CPU = Debug|Any CPU
		Release|Any CPU = Release|Any CPU
	EndGlobalSection
	GlobalSection(ProjectConfigurationPlatforms) = postSolution
		{B035933A-0895-45FA-BDEE-D7B216CDBEA6}.Debug|Any CPU.ActiveCfg = Debug|Any CPU
		{B035933A-0895-45FA-BDEE-D7B216CDBEA6}.Debug|Any CPU.Build.0 = Debug|Any CPU
		{B035933A-0895-45FA-BDEE-D7B216CDBEA6}.Release|Any CPU.ActiveCfg = Release|Any CPU
		{B035933A-0895-45FA-BDEE-D7B216CDBEA6}.Release|Any CPU.Build.0 = Release|Any CPU
	EndGlobalSection
	GlobalSection(SolutionProperties) = preSolution
		HideSolutionNode = FALSE
	EndGlobalSection
	GlobalSection(ExtensibilityGlobals) = postSolution
		SolutionGuid = {B20DB420-E2DC-4823-99D5-62A35A5150E4}
	EndGlobalSection
EndGlobal
