
Microsoft Visual Studio Solution File, Format Version 12.00
# Visual Studio Version 17
VisualStudioVersion = 17.10.34916.146
MinimumVisualStudioVersion = 10.0.40219.1
Project("{FAE04EC0-301F-11D3-BF4B-00C04F79EFBC}") = "StringProcess", "StringProcess\StringProcess.csproj", "{EF559D6D-6628-4BE8-9F4E-7D7B43BB9BAB}"
EndProject
Global
	GlobalSection(SolutionConfigurationPlatforms) = preSolution
		Debug|Any CPU = Debug|Any CPU
		Release|Any CPU = Release|Any CPU
	EndGlobalSection
	GlobalSection(ProjectConfigurationPlatforms) = postSolution
		{EF559D6D-6628-4BE8-9F4E-7D7B43BB9BAB}.Debug|Any CPU.ActiveCfg = Debug|Any CPU
		{EF559D6D-6628-4BE8-9F4E-7D7B43BB9BAB}.Debug|Any CPU.Build.0 = Debug|Any CPU
		{EF559D6D-6628-4BE8-9F4E-7D7B43BB9BAB}.Release|Any CPU.ActiveCfg = Release|Any CPU
		{EF559D6D-6628-4BE8-9F4E-7D7B43BB9BAB}.Release|Any CPU.Build.0 = Release|Any CPU
	EndGlobalSection
	GlobalSection(SolutionProperties) = preSolution
		HideSolutionNode = FALSE
	EndGlobalSection
	GlobalSection(ExtensibilityGlobals) = postSolution
		SolutionGuid = {FB60C00C-A183-4587-BC23-0D29FF0EF673}
	EndGlobalSection
EndGlobal
