
Microsoft Visual Studio Solution File, Format Version 12.00
# Visual Studio Version 17
VisualStudioVersion = 17.10.34916.146
MinimumVisualStudioVersion = 10.0.40219.1
Project("{FAE04EC0-301F-11D3-BF4B-00C04F79EFBC}") = "ListElementAdd", "ListElementAdd\ListElementAdd.csproj", "{AEFA52BA-1475-48B1-BC9F-52EF05F660C6}"
EndProject
Global
	GlobalSection(SolutionConfigurationPlatforms) = preSolution
		Debug|Any CPU = Debug|Any CPU
		Release|Any CPU = Release|Any CPU
	EndGlobalSection
	GlobalSection(ProjectConfigurationPlatforms) = postSolution
		{AEFA52BA-1475-48B1-BC9F-52EF05F660C6}.Debug|Any CPU.ActiveCfg = Debug|Any CPU
		{AEFA52BA-1475-48B1-BC9F-52EF05F660C6}.Debug|Any CPU.Build.0 = Debug|Any CPU
		{AEFA52BA-1475-48B1-BC9F-52EF05F660C6}.Release|Any CPU.ActiveCfg = Release|Any CPU
		{AEFA52BA-1475-48B1-BC9F-52EF05F660C6}.Release|Any CPU.Build.0 = Release|Any CPU
	EndGlobalSection
	GlobalSection(SolutionProperties) = preSolution
		HideSolutionNode = FALSE
	EndGlobalSection
	GlobalSection(ExtensibilityGlobals) = postSolution
		SolutionGuid = {AD21E469-521A-4EC9-AABB-4431B4FCE8D6}
	EndGlobalSection
EndGlobal
