
Microsoft Visual Studio Solution File, Format Version 12.00
# Visual Studio Version 17
VisualStudioVersion = 17.10.34916.146
MinimumVisualStudioVersion = 10.0.40219.1
Project("{FAE04EC0-301F-11D3-BF4B-00C04F79EFBC}") = "SwitchWithoutBreak", "SwitchWithoutBreak\SwitchWithoutBreak.csproj", "{525A4918-472A-4C00-8ADC-2BFF7CBD0BF2}"
EndProject
Global
	GlobalSection(SolutionConfigurationPlatforms) = preSolution
		Debug|Any CPU = Debug|Any CPU
		Release|Any CPU = Release|Any CPU
	EndGlobalSection
	GlobalSection(ProjectConfigurationPlatforms) = postSolution
		{525A4918-472A-4C00-8ADC-2BFF7CBD0BF2}.Debug|Any CPU.ActiveCfg = Debug|Any CPU
		{525A4918-472A-4C00-8ADC-2BFF7CBD0BF2}.Debug|Any CPU.Build.0 = Debug|Any CPU
		{525A4918-472A-4C00-8ADC-2BFF7CBD0BF2}.Release|Any CPU.ActiveCfg = Release|Any CPU
		{525A4918-472A-4C00-8ADC-2BFF7CBD0BF2}.Release|Any CPU.Build.0 = Release|Any CPU
	EndGlobalSection
	GlobalSection(SolutionProperties) = preSolution
		HideSolutionNode = FALSE
	EndGlobalSection
	GlobalSection(ExtensibilityGlobals) = postSolution
		SolutionGuid = {1090391A-FBB3-419E-84F3-FBFF51BF4FE9}
	EndGlobalSection
EndGlobal
