
Microsoft Visual Studio Solution File, Format Version 12.00
# Visual Studio Version 17
VisualStudioVersion = 17.10.34916.146
MinimumVisualStudioVersion = 10.0.40219.1
Project("{FAE04EC0-301F-11D3-BF4B-00C04F79EFBC}") = "WriteLine", "WriteLine\WriteLine.csproj", "{94C48D0E-1465-4EA5-9071-D99CC214FD63}"
EndProject
Global
	GlobalSection(SolutionConfigurationPlatforms) = preSolution
		Debug|Any CPU = Debug|Any CPU
		Release|Any CPU = Release|Any CPU
	EndGlobalSection
	GlobalSection(ProjectConfigurationPlatforms) = postSolution
		{94C48D0E-1465-4EA5-9071-D99CC214FD63}.Debug|Any CPU.ActiveCfg = Debug|Any CPU
		{94C48D0E-1465-4EA5-9071-D99CC214FD63}.Debug|Any CPU.Build.0 = Debug|Any CPU
		{94C48D0E-1465-4EA5-9071-D99CC214FD63}.Release|Any CPU.ActiveCfg = Release|Any CPU
		{94C48D0E-1465-4EA5-9071-D99CC214FD63}.Release|Any CPU.Build.0 = Release|Any CPU
	EndGlobalSection
	GlobalSection(SolutionProperties) = preSolution
		HideSolutionNode = FALSE
	EndGlobalSection
	GlobalSection(ExtensibilityGlobals) = postSolution
		SolutionGuid = {C9E36F6B-CE06-4B04-9E1A-E8C1B335FCF7}
	EndGlobalSection
EndGlobal
