
Microsoft Visual Studio Solution File, Format Version 12.00
# Visual Studio Version 17
VisualStudioVersion = 17.10.34916.146
MinimumVisualStudioVersion = 10.0.40219.1
Project("{FAE04EC0-301F-11D3-BF4B-00C04F79EFBC}") = "GenericBasic", "GenericBasic\GenericBasic.csproj", "{EAEE22C3-309A-4CE7-AC4B-CF279AFBA42D}"
EndProject
Global
	GlobalSection(SolutionConfigurationPlatforms) = preSolution
		Debug|Any CPU = Debug|Any CPU
		Release|Any CPU = Release|Any CPU
	EndGlobalSection
	GlobalSection(ProjectConfigurationPlatforms) = postSolution
		{EAEE22C3-309A-4CE7-AC4B-CF279AFBA42D}.Debug|Any CPU.ActiveCfg = Debug|Any CPU
		{EAEE22C3-309A-4CE7-AC4B-CF279AFBA42D}.Debug|Any CPU.Build.0 = Debug|Any CPU
		{EAEE22C3-309A-4CE7-AC4B-CF279AFBA42D}.Release|Any CPU.ActiveCfg = Release|Any CPU
		{EAEE22C3-309A-4CE7-AC4B-CF279AFBA42D}.Release|Any CPU.Build.0 = Release|Any CPU
	EndGlobalSection
	GlobalSection(SolutionProperties) = preSolution
		HideSolutionNode = FALSE
	EndGlobalSection
	GlobalSection(ExtensibilityGlobals) = postSolution
		SolutionGuid = {025D6D7F-D40F-4219-A81B-75948D426DF5}
	EndGlobalSection
EndGlobal
