
Microsoft Visual Studio Solution File, Format Version 12.00
# Visual Studio Version 17
VisualStudioVersion = 17.10.34902.84
MinimumVisualStudioVersion = 10.0.40219.1
Project("{FAE04EC0-301F-11D3-BF4B-00C04F79EFBC}") = "BoolVariable", "BoolVariable\BoolVariable.csproj", "{0830740F-3635-401F-97B7-8AA01649573F}"
EndProject
Global
	GlobalSection(SolutionConfigurationPlatforms) = preSolution
		Debug|Any CPU = Debug|Any CPU
		Release|Any CPU = Release|Any CPU
	EndGlobalSection
	GlobalSection(ProjectConfigurationPlatforms) = postSolution
		{0830740F-3635-401F-97B7-8AA01649573F}.Debug|Any CPU.ActiveCfg = Debug|Any CPU
		{0830740F-3635-401F-97B7-8AA01649573F}.Debug|Any CPU.Build.0 = Debug|Any CPU
		{0830740F-3635-401F-97B7-8AA01649573F}.Release|Any CPU.ActiveCfg = Release|Any CPU
		{0830740F-3635-401F-97B7-8AA01649573F}.Release|Any CPU.Build.0 = Release|Any CPU
	EndGlobalSection
	GlobalSection(SolutionProperties) = preSolution
		HideSolutionNode = FALSE
	EndGlobalSection
	GlobalSection(ExtensibilityGlobals) = postSolution
		SolutionGuid = {7359F92B-DE2C-4E3F-9FFC-4D00B00E10C8}
	EndGlobalSection
EndGlobal
