
Microsoft Visual Studio Solution File, Format Version 12.00
# Visual Studio Version 17
VisualStudioVersion = 17.11.35222.181
MinimumVisualStudioVersion = 10.0.40219.1
Project("{FAE04EC0-301F-11D3-BF4B-00C04F79EFBC}") = "ThreadBasic", "ThreadBasic\ThreadBasic.csproj", "{F7A42B5A-DC45-4F72-8414-70747EE6FC60}"
EndProject
Global
	GlobalSection(SolutionConfigurationPlatforms) = preSolution
		Debug|Any CPU = Debug|Any CPU
		Release|Any CPU = Release|Any CPU
	EndGlobalSection
	GlobalSection(ProjectConfigurationPlatforms) = postSolution
		{F7A42B5A-DC45-4F72-8414-70747EE6FC60}.Debug|Any CPU.ActiveCfg = Debug|Any CPU
		{F7A42B5A-DC45-4F72-8414-70747EE6FC60}.Debug|Any CPU.Build.0 = Debug|Any CPU
		{F7A42B5A-DC45-4F72-8414-70747EE6FC60}.Release|Any CPU.ActiveCfg = Release|Any CPU
		{F7A42B5A-DC45-4F72-8414-70747EE6FC60}.Release|Any CPU.Build.0 = Release|Any CPU
	EndGlobalSection
	GlobalSection(SolutionProperties) = preSolution
		HideSolutionNode = FALSE
	EndGlobalSection
	GlobalSection(ExtensibilityGlobals) = postSolution
		SolutionGuid = {C61ECDA5-D893-4471-9738-81F27FFD00D9}
	EndGlobalSection
EndGlobal
