
Microsoft Visual Studio Solution File, Format Version 12.00
# Visual Studio Version 17
VisualStudioVersion = 17.10.34902.84
MinimumVisualStudioVersion = 10.0.40219.1
Project("{FAE04EC0-301F-11D3-BF4B-00C04F79EFBC}") = "DirectTypeCheck", "DirectTypeCheck\DirectTypeCheck.csproj", "{999D16D9-7DE8-47B6-AE26-F14DCC946531}"
EndProject
Global
	GlobalSection(SolutionConfigurationPlatforms) = preSolution
		Debug|Any CPU = Debug|Any CPU
		Release|Any CPU = Release|Any CPU
	EndGlobalSection
	GlobalSection(ProjectConfigurationPlatforms) = postSolution
		{999D16D9-7DE8-47B6-AE26-F14DCC946531}.Debug|Any CPU.ActiveCfg = Debug|Any CPU
		{999D16D9-7DE8-47B6-AE26-F14DCC946531}.Debug|Any CPU.Build.0 = Debug|Any CPU
		{999D16D9-7DE8-47B6-AE26-F14DCC946531}.Release|Any CPU.ActiveCfg = Release|Any CPU
		{999D16D9-7DE8-47B6-AE26-F14DCC946531}.Release|Any CPU.Build.0 = Release|Any CPU
	EndGlobalSection
	GlobalSection(SolutionProperties) = preSolution
		HideSolutionNode = FALSE
	EndGlobalSection
	GlobalSection(ExtensibilityGlobals) = postSolution
		SolutionGuid = {260E4543-FD1A-43BB-B815-BEC361E58806}
	EndGlobalSection
EndGlobal
