
Microsoft Visual Studio Solution File, Format Version 12.00
# Visual Studio Version 17
VisualStudioVersion = 17.10.34916.146
MinimumVisualStudioVersion = 10.0.40219.1
Project("{FAE04EC0-301F-11D3-BF4B-00C04F79EFBC}") = "MovingAt", "MovingAt\MovingAt.csproj", "{C6E29AB3-F65F-40C0-A1E4-D97590A28596}"
EndProject
Global
	GlobalSection(SolutionConfigurationPlatforms) = preSolution
		Debug|Any CPU = Debug|Any CPU
		Release|Any CPU = Release|Any CPU
	EndGlobalSection
	GlobalSection(ProjectConfigurationPlatforms) = postSolution
		{C6E29AB3-F65F-40C0-A1E4-D97590A28596}.Debug|Any CPU.ActiveCfg = Debug|Any CPU
		{C6E29AB3-F65F-40C0-A1E4-D97590A28596}.Debug|Any CPU.Build.0 = Debug|Any CPU
		{C6E29AB3-F65F-40C0-A1E4-D97590A28596}.Release|Any CPU.ActiveCfg = Release|Any CPU
		{C6E29AB3-F65F-40C0-A1E4-D97590A28596}.Release|Any CPU.Build.0 = Release|Any CPU
	EndGlobalSection
	GlobalSection(SolutionProperties) = preSolution
		HideSolutionNode = FALSE
	EndGlobalSection
	GlobalSection(ExtensibilityGlobals) = postSolution
		SolutionGuid = {97473FB5-3FBD-4DF8-8EA7-77ABB4C1CDC2}
	EndGlobalSection
EndGlobal
