
Microsoft Visual Studio Solution File, Format Version 12.00
# Visual Studio Version 17
VisualStudioVersion = 17.10.34916.146
MinimumVisualStudioVersion = 10.0.40219.1
Project("{FAE04EC0-301F-11D3-BF4B-00C04F79EFBC}") = "Interfaces", "Interfaces\Interfaces.csproj", "{959A98AA-86E0-4C9A-BD73-0DE39F9ED825}"
EndProject
Global
	GlobalSection(SolutionConfigurationPlatforms) = preSolution
		Debug|Any CPU = Debug|Any CPU
		Release|Any CPU = Release|Any CPU
	EndGlobalSection
	GlobalSection(ProjectConfigurationPlatforms) = postSolution
		{959A98AA-86E0-4C9A-BD73-0DE39F9ED825}.Debug|Any CPU.ActiveCfg = Debug|Any CPU
		{959A98AA-86E0-4C9A-BD73-0DE39F9ED825}.Debug|Any CPU.Build.0 = Debug|Any CPU
		{959A98AA-86E0-4C9A-BD73-0DE39F9ED825}.Release|Any CPU.ActiveCfg = Release|Any CPU
		{959A98AA-86E0-4C9A-BD73-0DE39F9ED825}.Release|Any CPU.Build.0 = Release|Any CPU
	EndGlobalSection
	GlobalSection(SolutionProperties) = preSolution
		HideSolutionNode = FALSE
	EndGlobalSection
	GlobalSection(ExtensibilityGlobals) = postSolution
		SolutionGuid = {62EC88D9-C8E4-4F36-A9BC-AE96B58E7F34}
	EndGlobalSection
EndGlobal
