
Microsoft Visual Studio Solution File, Format Version 12.00
# Visual Studio Version 17
VisualStudioVersion = 17.10.34916.146
MinimumVisualStudioVersion = 10.0.40219.1
Project("{FAE04EC0-301F-11D3-BF4B-00C04F79EFBC}") = "Write", "Write\Write.csproj", "{5C9B4F8B-A839-4D2D-895E-0A0D93AB0977}"
EndProject
Global
	GlobalSection(SolutionConfigurationPlatforms) = preSolution
		Debug|Any CPU = Debug|Any CPU
		Release|Any CPU = Release|Any CPU
	EndGlobalSection
	GlobalSection(ProjectConfigurationPlatforms) = postSolution
		{5C9B4F8B-A839-4D2D-895E-0A0D93AB0977}.Debug|Any CPU.ActiveCfg = Debug|Any CPU
		{5C9B4F8B-A839-4D2D-895E-0A0D93AB0977}.Debug|Any CPU.Build.0 = Debug|Any CPU
		{5C9B4F8B-A839-4D2D-895E-0A0D93AB0977}.Release|Any CPU.ActiveCfg = Release|Any CPU
		{5C9B4F8B-A839-4D2D-895E-0A0D93AB0977}.Release|Any CPU.Build.0 = Release|Any CPU
	EndGlobalSection
	GlobalSection(SolutionProperties) = preSolution
		HideSolutionNode = FALSE
	EndGlobalSection
	GlobalSection(ExtensibilityGlobals) = postSolution
		SolutionGuid = {13EBC48D-495D-41B0-A1E7-DD7A81B1865F}
	EndGlobalSection
EndGlobal
