
Microsoft Visual Studio Solution File, Format Version 12.00
# Visual Studio Version 17
VisualStudioVersion = 17.10.34902.84
MinimumVisualStudioVersion = 10.0.40219.1
Project("{FAE04EC0-301F-11D3-BF4B-00C04F79EFBC}") = "StringAssignmentOperator", "StringAssignmentOperator\StringAssignmentOperator.csproj", "{A50F043C-3F98-4DE1-8D60-09A3C0FAA16F}"
EndProject
Global
	GlobalSection(SolutionConfigurationPlatforms) = preSolution
		Debug|Any CPU = Debug|Any CPU
		Release|Any CPU = Release|Any CPU
	EndGlobalSection
	GlobalSection(ProjectConfigurationPlatforms) = postSolution
		{A50F043C-3F98-4DE1-8D60-09A3C0FAA16F}.Debug|Any CPU.ActiveCfg = Debug|Any CPU
		{A50F043C-3F98-4DE1-8D60-09A3C0FAA16F}.Debug|Any CPU.Build.0 = Debug|Any CPU
		{A50F043C-3F98-4DE1-8D60-09A3C0FAA16F}.Release|Any CPU.ActiveCfg = Release|Any CPU
		{A50F043C-3F98-4DE1-8D60-09A3C0FAA16F}.Release|Any CPU.Build.0 = Release|Any CPU
	EndGlobalSection
	GlobalSection(SolutionProperties) = preSolution
		HideSolutionNode = FALSE
	EndGlobalSection
	GlobalSection(ExtensibilityGlobals) = postSolution
		SolutionGuid = {F3714224-1608-4AC5-A292-E812D1476BC9}
	EndGlobalSection
EndGlobal
