
Microsoft Visual Studio Solution File, Format Version 12.00
# Visual Studio Version 17
VisualStudioVersion = 17.11.35222.181
MinimumVisualStudioVersion = 10.0.40219.1
Project("{FAE04EC0-301F-11D3-BF4B-00C04F79EFBC}") = "LambdaBasic", "LambdaBasic\LambdaBasic.csproj", "{22D88AF4-6E42-4039-9E18-3CA87E998297}"
EndProject
Global
	GlobalSection(SolutionConfigurationPlatforms) = preSolution
		Debug|Any CPU = Debug|Any CPU
		Release|Any CPU = Release|Any CPU
	EndGlobalSection
	GlobalSection(ProjectConfigurationPlatforms) = postSolution
		{22D88AF4-6E42-4039-9E18-3CA87E998297}.Debug|Any CPU.ActiveCfg = Debug|Any CPU
		{22D88AF4-6E42-4039-9E18-3CA87E998297}.Debug|Any CPU.Build.0 = Debug|Any CPU
		{22D88AF4-6E42-4039-9E18-3CA87E998297}.Release|Any CPU.ActiveCfg = Release|Any CPU
		{22D88AF4-6E42-4039-9E18-3CA87E998297}.Release|Any CPU.Build.0 = Release|Any CPU
	EndGlobalSection
	GlobalSection(SolutionProperties) = preSolution
		HideSolutionNode = FALSE
	EndGlobalSection
	GlobalSection(ExtensibilityGlobals) = postSolution
		SolutionGuid = {DA4F67CB-843C-4E7F-9CEA-439DE1BBCEF3}
	EndGlobalSection
EndGlobal
