
Microsoft Visual Studio Solution File, Format Version 12.00
# Visual Studio Version 17
VisualStudioVersion = 17.10.34916.146
MinimumVisualStudioVersion = 10.0.40219.1
Project("{FAE04EC0-301F-11D3-BF4B-00C04F79EFBC}") = "ClassMethods", "ClassMethods\ClassMethods.csproj", "{274DDB5E-7335-4794-8233-179AAB652042}"
EndProject
Global
	GlobalSection(SolutionConfigurationPlatforms) = preSolution
		Debug|Any CPU = Debug|Any CPU
		Release|Any CPU = Release|Any CPU
	EndGlobalSection
	GlobalSection(ProjectConfigurationPlatforms) = postSolution
		{274DDB5E-7335-4794-8233-179AAB652042}.Debug|Any CPU.ActiveCfg = Debug|Any CPU
		{274DDB5E-7335-4794-8233-179AAB652042}.Debug|Any CPU.Build.0 = Debug|Any CPU
		{274DDB5E-7335-4794-8233-179AAB652042}.Release|Any CPU.ActiveCfg = Release|Any CPU
		{274DDB5E-7335-4794-8233-179AAB652042}.Release|Any CPU.Build.0 = Release|Any CPU
	EndGlobalSection
	GlobalSection(SolutionProperties) = preSolution
		HideSolutionNode = FALSE
	EndGlobalSection
	GlobalSection(ExtensibilityGlobals) = postSolution
		SolutionGuid = {4764B277-0531-4D13-B015-7CF03B797422}
	EndGlobalSection
EndGlobal
