
Microsoft Visual Studio Solution File, Format Version 12.00
# Visual Studio Version 17
VisualStudioVersion = 17.10.34916.146
MinimumVisualStudioVersion = 10.0.40219.1
Project("{FAE04EC0-301F-11D3-BF4B-00C04F79EFBC}") = "Memorize", "Memorize\Memorize.csproj", "{50078E43-A62E-4819-A8C5-872DC3FA83C0}"
EndProject
Global
	GlobalSection(SolutionConfigurationPlatforms) = preSolution
		Debug|Any CPU = Debug|Any CPU
		Release|Any CPU = Release|Any CPU
	EndGlobalSection
	GlobalSection(ProjectConfigurationPlatforms) = postSolution
		{50078E43-A62E-4819-A8C5-872DC3FA83C0}.Debug|Any CPU.ActiveCfg = Debug|Any CPU
		{50078E43-A62E-4819-A8C5-872DC3FA83C0}.Debug|Any CPU.Build.0 = Debug|Any CPU
		{50078E43-A62E-4819-A8C5-872DC3FA83C0}.Release|Any CPU.ActiveCfg = Release|Any CPU
		{50078E43-A62E-4819-A8C5-872DC3FA83C0}.Release|Any CPU.Build.0 = Release|Any CPU
	EndGlobalSection
	GlobalSection(SolutionProperties) = preSolution
		HideSolutionNode = FALSE
	EndGlobalSection
	GlobalSection(ExtensibilityGlobals) = postSolution
		SolutionGuid = {9955EBB8-F8A6-4926-83A9-0FE3510529A0}
	EndGlobalSection
EndGlobal
