
Microsoft Visual Studio Solution File, Format Version 12.00
# Visual Studio Version 17
VisualStudioVersion = 17.10.34916.146
MinimumVisualStudioVersion = 10.0.40219.1
Project("{FAE04EC0-301F-11D3-BF4B-00C04F79EFBC}") = "StringPlusNumber", "StringPlusNumber\StringPlusNumber.csproj", "{BA86842A-90C8-41B0-84A2-EBF9D8AE3DEE}"
EndProject
Global
	GlobalSection(SolutionConfigurationPlatforms) = preSolution
		Debug|Any CPU = Debug|Any CPU
		Release|Any CPU = Release|Any CPU
	EndGlobalSection
	GlobalSection(ProjectConfigurationPlatforms) = postSolution
		{BA86842A-90C8-41B0-84A2-EBF9D8AE3DEE}.Debug|Any CPU.ActiveCfg = Debug|Any CPU
		{BA86842A-90C8-41B0-84A2-EBF9D8AE3DEE}.Debug|Any CPU.Build.0 = Debug|Any CPU
		{BA86842A-90C8-41B0-84A2-EBF9D8AE3DEE}.Release|Any CPU.ActiveCfg = Release|Any CPU
		{BA86842A-90C8-41B0-84A2-EBF9D8AE3DEE}.Release|Any CPU.Build.0 = Release|Any CPU
	EndGlobalSection
	GlobalSection(SolutionProperties) = preSolution
		HideSolutionNode = FALSE
	EndGlobalSection
	GlobalSection(ExtensibilityGlobals) = postSolution
		SolutionGuid = {79C033FA-F48A-4661-B999-A71974A77D75}
	EndGlobalSection
EndGlobal
