
Microsoft Visual Studio Solution File, Format Version 12.00
# Visual Studio Version 17
VisualStudioVersion = 17.10.34902.84
MinimumVisualStudioVersion = 10.0.40219.1
Project("{FAE04EC0-301F-11D3-BF4B-00C04F79EFBC}") = "Operators", "Operators\Operators.csproj", "{BD0EB9F0-C8B2-42B4-9353-B7DE25B8D9E3}"
EndProject
Global
	GlobalSection(SolutionConfigurationPlatforms) = preSolution
		Debug|Any CPU = Debug|Any CPU
		Release|Any CPU = Release|Any CPU
	EndGlobalSection
	GlobalSection(ProjectConfigurationPlatforms) = postSolution
		{BD0EB9F0-C8B2-42B4-9353-B7DE25B8D9E3}.Debug|Any CPU.ActiveCfg = Debug|Any CPU
		{BD0EB9F0-C8B2-42B4-9353-B7DE25B8D9E3}.Debug|Any CPU.Build.0 = Debug|Any CPU
		{BD0EB9F0-C8B2-42B4-9353-B7DE25B8D9E3}.Release|Any CPU.ActiveCfg = Release|Any CPU
		{BD0EB9F0-C8B2-42B4-9353-B7DE25B8D9E3}.Release|Any CPU.Build.0 = Release|Any CPU
	EndGlobalSection
	GlobalSection(SolutionProperties) = preSolution
		HideSolutionNode = FALSE
	EndGlobalSection
	GlobalSection(ExtensibilityGlobals) = postSolution
		SolutionGuid = {E5873D58-2078-4494-BB3D-7CAB9D21375B}
	EndGlobalSection
EndGlobal
