
Microsoft Visual Studio Solution File, Format Version 12.00
# Visual Studio Version 17
VisualStudioVersion = 17.10.34916.146
MinimumVisualStudioVersion = 10.0.40219.1
Project("{FAE04EC0-301F-11D3-BF4B-00C04F79EFBC}") = "Methods", "Methods\Methods.csproj", "{4B25880C-9FFA-4976-9074-924BDF225374}"
EndProject
Global
	GlobalSection(SolutionConfigurationPlatforms) = preSolution
		Debug|Any CPU = Debug|Any CPU
		Release|Any CPU = Release|Any CPU
	EndGlobalSection
	GlobalSection(ProjectConfigurationPlatforms) = postSolution
		{4B25880C-9FFA-4976-9074-924BDF225374}.Debug|Any CPU.ActiveCfg = Debug|Any CPU
		{4B25880C-9FFA-4976-9074-924BDF225374}.Debug|Any CPU.Build.0 = Debug|Any CPU
		{4B25880C-9FFA-4976-9074-924BDF225374}.Release|Any CPU.ActiveCfg = Release|Any CPU
		{4B25880C-9FFA-4976-9074-924BDF225374}.Release|Any CPU.Build.0 = Release|Any CPU
	EndGlobalSection
	GlobalSection(SolutionProperties) = preSolution
		HideSolutionNode = FALSE
	EndGlobalSection
	GlobalSection(ExtensibilityGlobals) = postSolution
		SolutionGuid = {9B529D49-8664-4FE9-BEC8-0A56FA201708}
	EndGlobalSection
EndGlobal
