
Microsoft Visual Studio Solution File, Format Version 12.00
# Visual Studio Version 17
VisualStudioVersion = 17.10.34916.146
MinimumVisualStudioVersion = 10.0.40219.1
Project("{FAE04EC0-301F-11D3-BF4B-00C04F79EFBC}") = "PyramidB", "PyramidB\PyramidB.csproj", "{CF2DAD66-1D87-4D89-80CC-E722A1A32873}"
EndProject
Global
	GlobalSection(SolutionConfigurationPlatforms) = preSolution
		Debug|Any CPU = Debug|Any CPU
		Release|Any CPU = Release|Any CPU
	EndGlobalSection
	GlobalSection(ProjectConfigurationPlatforms) = postSolution
		{CF2DAD66-1D87-4D89-80CC-E722A1A32873}.Debug|Any CPU.ActiveCfg = Debug|Any CPU
		{CF2DAD66-1D87-4D89-80CC-E722A1A32873}.Debug|Any CPU.Build.0 = Debug|Any CPU
		{CF2DAD66-1D87-4D89-80CC-E722A1A32873}.Release|Any CPU.ActiveCfg = Release|Any CPU
		{CF2DAD66-1D87-4D89-80CC-E722A1A32873}.Release|Any CPU.Build.0 = Release|Any CPU
	EndGlobalSection
	GlobalSection(SolutionProperties) = preSolution
		HideSolutionNode = FALSE
	EndGlobalSection
	GlobalSection(ExtensibilityGlobals) = postSolution
		SolutionGuid = {C1783007-7917-453A-A67F-08DBE015955C}
	EndGlobalSection
EndGlobal
