
Microsoft Visual Studio Solution File, Format Version 12.00
# Visual Studio Version 17
VisualStudioVersion = 17.10.34916.146
MinimumVisualStudioVersion = 10.0.40219.1
Project("{FAE04EC0-301F-11D3-BF4B-00C04F79EFBC}") = "RandomInteger", "RandomInteger\RandomInteger.csproj", "{243C816D-4A43-4590-8F4C-83BEF0A5C816}"
EndProject
Global
	GlobalSection(SolutionConfigurationPlatforms) = preSolution
		Debug|Any CPU = Debug|Any CPU
		Release|Any CPU = Release|Any CPU
	EndGlobalSection
	GlobalSection(ProjectConfigurationPlatforms) = postSolution
		{243C816D-4A43-4590-8F4C-83BEF0A5C816}.Debug|Any CPU.ActiveCfg = Debug|Any CPU
		{243C816D-4A43-4590-8F4C-83BEF0A5C816}.Debug|Any CPU.Build.0 = Debug|Any CPU
		{243C816D-4A43-4590-8F4C-83BEF0A5C816}.Release|Any CPU.ActiveCfg = Release|Any CPU
		{243C816D-4A43-4590-8F4C-83BEF0A5C816}.Release|Any CPU.Build.0 = Release|Any CPU
	EndGlobalSection
	GlobalSection(SolutionProperties) = preSolution
		HideSolutionNode = FALSE
	EndGlobalSection
	GlobalSection(ExtensibilityGlobals) = postSolution
		SolutionGuid = {A3A87BD8-E7B6-47E1-956B-80795B4BE774}
	EndGlobalSection
EndGlobal
