
Microsoft Visual Studio Solution File, Format Version 12.00
# Visual Studio Version 17
VisualStudioVersion = 17.10.34916.146
MinimumVisualStudioVersion = 10.0.40219.1
Project("{FAE04EC0-301F-11D3-BF4B-00C04F79EFBC}") = "IfTime", "IfTime\IfTime.csproj", "{D62423CE-08DB-4763-AA4B-AFB480F4E061}"
EndProject
Global
	GlobalSection(SolutionConfigurationPlatforms) = preSolution
		Debug|Any CPU = Debug|Any CPU
		Release|Any CPU = Release|Any CPU
	EndGlobalSection
	GlobalSection(ProjectConfigurationPlatforms) = postSolution
		{D62423CE-08DB-4763-AA4B-AFB480F4E061}.Debug|Any CPU.ActiveCfg = Debug|Any CPU
		{D62423CE-08DB-4763-AA4B-AFB480F4E061}.Debug|Any CPU.Build.0 = Debug|Any CPU
		{D62423CE-08DB-4763-AA4B-AFB480F4E061}.Release|Any CPU.ActiveCfg = Release|Any CPU
		{D62423CE-08DB-4763-AA4B-AFB480F4E061}.Release|Any CPU.Build.0 = Release|Any CPU
	EndGlobalSection
	GlobalSection(SolutionProperties) = preSolution
		HideSolutionNode = FALSE
	EndGlobalSection
	GlobalSection(ExtensibilityGlobals) = postSolution
		SolutionGuid = {76D12BDF-1A6A-4631-A38C-E96F6DEE6F13}
	EndGlobalSection
EndGlobal
