
Microsoft Visual Studio Solution File, Format Version 12.00
# Visual Studio Version 17
VisualStudioVersion = 17.10.34916.146
MinimumVisualStudioVersion = 10.0.40219.1
Project("{FAE04EC0-301F-11D3-BF4B-00C04F79EFBC}") = "AInheritance", "AInheritance\AInheritance.csproj", "{C14FC9D9-3984-48B8-AF98-D30404DDBC1B}"
EndProject
Global
	GlobalSection(SolutionConfigurationPlatforms) = preSolution
		Debug|Any CPU = Debug|Any CPU
		Release|Any CPU = Release|Any CPU
	EndGlobalSection
	GlobalSection(ProjectConfigurationPlatforms) = postSolution
		{C14FC9D9-3984-48B8-AF98-D30404DDBC1B}.Debug|Any CPU.ActiveCfg = Debug|Any CPU
		{C14FC9D9-3984-48B8-AF98-D30404DDBC1B}.Debug|Any CPU.Build.0 = Debug|Any CPU
		{C14FC9D9-3984-48B8-AF98-D30404DDBC1B}.Release|Any CPU.ActiveCfg = Release|Any CPU
		{C14FC9D9-3984-48B8-AF98-D30404DDBC1B}.Release|Any CPU.Build.0 = Release|Any CPU
	EndGlobalSection
	GlobalSection(SolutionProperties) = preSolution
		HideSolutionNode = FALSE
	EndGlobalSection
	GlobalSection(ExtensibilityGlobals) = postSolution
		SolutionGuid = {C8CEE76A-BA69-4E8A-8C02-7BFE313B9C6F}
	EndGlobalSection
EndGlobal
