
Microsoft Visual Studio Solution File, Format Version 12.00
# Visual Studio Version 17
VisualStudioVersion = 17.10.34916.146
MinimumVisualStudioVersion = 10.0.40219.1
Project("{FAE04EC0-301F-11D3-BF4B-00C04F79EFBC}") = "ClassMethod", "ClassMethod\ClassMethod.csproj", "{F46F8E3F-7B49-4FD6-842B-7F36E378891D}"
EndProject
Global
	GlobalSection(SolutionConfigurationPlatforms) = preSolution
		Debug|Any CPU = Debug|Any CPU
		Release|Any CPU = Release|Any CPU
	EndGlobalSection
	GlobalSection(ProjectConfigurationPlatforms) = postSolution
		{F46F8E3F-7B49-4FD6-842B-7F36E378891D}.Debug|Any CPU.ActiveCfg = Debug|Any CPU
		{F46F8E3F-7B49-4FD6-842B-7F36E378891D}.Debug|Any CPU.Build.0 = Debug|Any CPU
		{F46F8E3F-7B49-4FD6-842B-7F36E378891D}.Release|Any CPU.ActiveCfg = Release|Any CPU
		{F46F8E3F-7B49-4FD6-842B-7F36E378891D}.Release|Any CPU.Build.0 = Release|Any CPU
	EndGlobalSection
	GlobalSection(SolutionProperties) = preSolution
		HideSolutionNode = FALSE
	EndGlobalSection
	GlobalSection(ExtensibilityGlobals) = postSolution
		SolutionGuid = {D6860EE9-A925-43A8-9EB3-862179E42120}
	EndGlobalSection
EndGlobal
