
Microsoft Visual Studio Solution File, Format Version 12.00
# Visual Studio Version 17
VisualStudioVersion = 17.10.34916.146
MinimumVisualStudioVersion = 10.0.40219.1
Project("{FAE04EC0-301F-11D3-BF4B-00C04F79EFBC}") = "Recursion", "Recursion\Recursion.csproj", "{DB88FDFA-8F54-43BC-84BA-C7E2F5EC8FAE}"
EndProject
Global
	GlobalSection(SolutionConfigurationPlatforms) = preSolution
		Debug|Any CPU = Debug|Any CPU
		Release|Any CPU = Release|Any CPU
	EndGlobalSection
	GlobalSection(ProjectConfigurationPlatforms) = postSolution
		{DB88FDFA-8F54-43BC-84BA-C7E2F5EC8FAE}.Debug|Any CPU.ActiveCfg = Debug|Any CPU
		{DB88FDFA-8F54-43BC-84BA-C7E2F5EC8FAE}.Debug|Any CPU.Build.0 = Debug|Any CPU
		{DB88FDFA-8F54-43BC-84BA-C7E2F5EC8FAE}.Release|Any CPU.ActiveCfg = Release|Any CPU
		{DB88FDFA-8F54-43BC-84BA-C7E2F5EC8FAE}.Release|Any CPU.Build.0 = Release|Any CPU
	EndGlobalSection
	GlobalSection(SolutionProperties) = preSolution
		HideSolutionNode = FALSE
	EndGlobalSection
	GlobalSection(ExtensibilityGlobals) = postSolution
		SolutionGuid = {623C94D7-839C-4A33-A4D8-381E1577333E}
	EndGlobalSection
EndGlobal
