
Microsoft Visual Studio Solution File, Format Version 12.00
# Visual Studio Version 17
VisualStudioVersion = 17.10.34916.146
MinimumVisualStudioVersion = 10.0.40219.1
Project("{FAE04EC0-301F-11D3-BF4B-00C04F79EFBC}") = "PyramidA", "PyramidA\PyramidA.csproj", "{2C86CDEE-E0E8-4F3B-9B8E-1B060DF1EE7C}"
EndProject
Global
	GlobalSection(SolutionConfigurationPlatforms) = preSolution
		Debug|Any CPU = Debug|Any CPU
		Release|Any CPU = Release|Any CPU
	EndGlobalSection
	GlobalSection(ProjectConfigurationPlatforms) = postSolution
		{2C86CDEE-E0E8-4F3B-9B8E-1B060DF1EE7C}.Debug|Any CPU.ActiveCfg = Debug|Any CPU
		{2C86CDEE-E0E8-4F3B-9B8E-1B060DF1EE7C}.Debug|Any CPU.Build.0 = Debug|Any CPU
		{2C86CDEE-E0E8-4F3B-9B8E-1B060DF1EE7C}.Release|Any CPU.ActiveCfg = Release|Any CPU
		{2C86CDEE-E0E8-4F3B-9B8E-1B060DF1EE7C}.Release|Any CPU.Build.0 = Release|Any CPU
	EndGlobalSection
	GlobalSection(SolutionProperties) = preSolution
		HideSolutionNode = FALSE
	EndGlobalSection
	GlobalSection(ExtensibilityGlobals) = postSolution
		SolutionGuid = {9502D719-A7D6-4552-AA4D-A4C9D139996E}
	EndGlobalSection
EndGlobal
