
Microsoft Visual Studio Solution File, Format Version 12.00
# Visual Studio Version 17
VisualStudioVersion = 17.11.35222.181
MinimumVisualStudioVersion = 10.0.40219.1
Project("{FAE04EC0-301F-11D3-BF4B-00C04F79EFBC}") = "SortWithDelegate", "SortWithDelegate\SortWithDelegate.csproj", "{6EE8FE43-BA62-44E8-AE79-1742D0416065}"
EndProject
Global
	GlobalSection(SolutionConfigurationPlatforms) = preSolution
		Debug|Any CPU = Debug|Any CPU
		Release|Any CPU = Release|Any CPU
	EndGlobalSection
	GlobalSection(ProjectConfigurationPlatforms) = postSolution
		{6EE8FE43-BA62-44E8-AE79-1742D0416065}.Debug|Any CPU.ActiveCfg = Debug|Any CPU
		{6EE8FE43-BA62-44E8-AE79-1742D0416065}.Debug|Any CPU.Build.0 = Debug|Any CPU
		{6EE8FE43-BA62-44E8-AE79-1742D0416065}.Release|Any CPU.ActiveCfg = Release|Any CPU
		{6EE8FE43-BA62-44E8-AE79-1742D0416065}.Release|Any CPU.Build.0 = Release|Any CPU
	EndGlobalSection
	GlobalSection(SolutionProperties) = preSolution
		HideSolutionNode = FALSE
	EndGlobalSection
	GlobalSection(ExtensibilityGlobals) = postSolution
		SolutionGuid = {2AAF7AB2-4E2E-4A60-A320-DE3639E594AD}
	EndGlobalSection
EndGlobal
