
Microsoft Visual Studio Solution File, Format Version 12.00
# Visual Studio Version 17
VisualStudioVersion = 17.10.34916.146
MinimumVisualStudioVersion = 10.0.40219.1
Project("{FAE04EC0-301F-11D3-BF4B-00C04F79EFBC}") = "Copies", "Copies\Copies.csproj", "{BF9E79F3-5BB1-45B0-A1BC-55ECAE6FBFBD}"
EndProject
Global
	GlobalSection(SolutionConfigurationPlatforms) = preSolution
		Debug|Any CPU = Debug|Any CPU
		Release|Any CPU = Release|Any CPU
	EndGlobalSection
	GlobalSection(ProjectConfigurationPlatforms) = postSolution
		{BF9E79F3-5BB1-45B0-A1BC-55ECAE6FBFBD}.Debug|Any CPU.ActiveCfg = Debug|Any CPU
		{BF9E79F3-5BB1-45B0-A1BC-55ECAE6FBFBD}.Debug|Any CPU.Build.0 = Debug|Any CPU
		{BF9E79F3-5BB1-45B0-A1BC-55ECAE6FBFBD}.Release|Any CPU.ActiveCfg = Release|Any CPU
		{BF9E79F3-5BB1-45B0-A1BC-55ECAE6FBFBD}.Release|Any CPU.Build.0 = Release|Any CPU
	EndGlobalSection
	GlobalSection(SolutionProperties) = preSolution
		HideSolutionNode = FALSE
	EndGlobalSection
	GlobalSection(ExtensibilityGlobals) = postSolution
		SolutionGuid = {AC419E2C-54F5-4264-A590-856EB6ED613A}
	EndGlobalSection
EndGlobal
