
Microsoft Visual Studio Solution File, Format Version 12.00
# Visual Studio Version 17
VisualStudioVersion = 17.10.34916.146
MinimumVisualStudioVersion = 10.0.40219.1
Project("{FAE04EC0-301F-11D3-BF4B-00C04F79EFBC}") = "Constructors", "Constructors\Constructors.csproj", "{61A96586-718F-41CF-9712-7053E5C2BD06}"
EndProject
Global
	GlobalSection(SolutionConfigurationPlatforms) = preSolution
		Debug|Any CPU = Debug|Any CPU
		Release|Any CPU = Release|Any CPU
	EndGlobalSection
	GlobalSection(ProjectConfigurationPlatforms) = postSolution
		{61A96586-718F-41CF-9712-7053E5C2BD06}.Debug|Any CPU.ActiveCfg = Debug|Any CPU
		{61A96586-718F-41CF-9712-7053E5C2BD06}.Debug|Any CPU.Build.0 = Debug|Any CPU
		{61A96586-718F-41CF-9712-7053E5C2BD06}.Release|Any CPU.ActiveCfg = Release|Any CPU
		{61A96586-718F-41CF-9712-7053E5C2BD06}.Release|Any CPU.Build.0 = Release|Any CPU
	EndGlobalSection
	GlobalSection(SolutionProperties) = preSolution
		HideSolutionNode = FALSE
	EndGlobalSection
	GlobalSection(ExtensibilityGlobals) = postSolution
		SolutionGuid = {6FFC1F3F-7B34-4DB1-BD5E-8CC04A751AE9}
	EndGlobalSection
EndGlobal
