
Microsoft Visual Studio Solution File, Format Version 12.00
# Visual Studio Version 17
VisualStudioVersion = 17.11.35222.181
MinimumVisualStudioVersion = 10.0.40219.1
Project("{FAE04EC0-301F-11D3-BF4B-00C04F79EFBC}") = "DataBindForm", "DataBindForm\DataBindForm.csproj", "{B1FD1CEA-602D-48CB-B230-E1CE102C6096}"
EndProject
Global
	GlobalSection(SolutionConfigurationPlatforms) = preSolution
		Debug|Any CPU = Debug|Any CPU
		Release|Any CPU = Release|Any CPU
	EndGlobalSection
	GlobalSection(ProjectConfigurationPlatforms) = postSolution
		{B1FD1CEA-602D-48CB-B230-E1CE102C6096}.Debug|Any CPU.ActiveCfg = Debug|Any CPU
		{B1FD1CEA-602D-48CB-B230-E1CE102C6096}.Debug|Any CPU.Build.0 = Debug|Any CPU
		{B1FD1CEA-602D-48CB-B230-E1CE102C6096}.Release|Any CPU.ActiveCfg = Release|Any CPU
		{B1FD1CEA-602D-48CB-B230-E1CE102C6096}.Release|Any CPU.Build.0 = Release|Any CPU
	EndGlobalSection
	GlobalSection(SolutionProperties) = preSolution
		HideSolutionNode = FALSE
	EndGlobalSection
	GlobalSection(ExtensibilityGlobals) = postSolution
		SolutionGuid = {A43AF4F6-F746-4BDF-B758-A545007B2B74}
	EndGlobalSection
EndGlobal
