
Microsoft Visual Studio Solution File, Format Version 12.00
# Visual Studio Version 17
VisualStudioVersion = 17.10.34916.146
MinimumVisualStudioVersion = 10.0.40219.1
Project("{FAE04EC0-301F-11D3-BF4B-00C04F79EFBC}") = "BreakBasic", "BreakBasic\BreakBasic.csproj", "{01B699BE-742C-43D1-AE5B-4BD52995D24C}"
EndProject
Global
	GlobalSection(SolutionConfigurationPlatforms) = preSolution
		Debug|Any CPU = Debug|Any CPU
		Release|Any CPU = Release|Any CPU
	EndGlobalSection
	GlobalSection(ProjectConfigurationPlatforms) = postSolution
		{01B699BE-742C-43D1-AE5B-4BD52995D24C}.Debug|Any CPU.ActiveCfg = Debug|Any CPU
		{01B699BE-742C-43D1-AE5B-4BD52995D24C}.Debug|Any CPU.Build.0 = Debug|Any CPU
		{01B699BE-742C-43D1-AE5B-4BD52995D24C}.Release|Any CPU.ActiveCfg = Release|Any CPU
		{01B699BE-742C-43D1-AE5B-4BD52995D24C}.Release|Any CPU.Build.0 = Release|Any CPU
	EndGlobalSection
	GlobalSection(SolutionProperties) = preSolution
		HideSolutionNode = FALSE
	EndGlobalSection
	GlobalSection(ExtensibilityGlobals) = postSolution
		SolutionGuid = {6D988955-B908-4168-9CBA-ECEFFF4E9FB6}
	EndGlobalSection
EndGlobal
