
Microsoft Visual Studio Solution File, Format Version 12.00
# Visual Studio Version 17
VisualStudioVersion = 17.10.34916.146
MinimumVisualStudioVersion = 10.0.40219.1
Project("{FAE04EC0-301F-11D3-BF4B-00C04F79EFBC}") = "NestedIfTime", "NestedIfTime\NestedIfTime.csproj", "{9380B161-5C56-47C9-9418-BCDE95C5E029}"
EndProject
Global
	GlobalSection(SolutionConfigurationPlatforms) = preSolution
		Debug|Any CPU = Debug|Any CPU
		Release|Any CPU = Release|Any CPU
	EndGlobalSection
	GlobalSection(ProjectConfigurationPlatforms) = postSolution
		{9380B161-5C56-47C9-9418-BCDE95C5E029}.Debug|Any CPU.ActiveCfg = Debug|Any CPU
		{9380B161-5C56-47C9-9418-BCDE95C5E029}.Debug|Any CPU.Build.0 = Debug|Any CPU
		{9380B161-5C56-47C9-9418-BCDE95C5E029}.Release|Any CPU.ActiveCfg = Release|Any CPU
		{9380B161-5C56-47C9-9418-BCDE95C5E029}.Release|Any CPU.Build.0 = Release|Any CPU
	EndGlobalSection
	GlobalSection(SolutionProperties) = preSolution
		HideSolutionNode = FALSE
	EndGlobalSection
	GlobalSection(ExtensibilityGlobals) = postSolution
		SolutionGuid = {E1F3016C-32F7-43AE-8547-D98121DA8E62}
	EndGlobalSection
EndGlobal
