
Microsoft Visual Studio Solution File, Format Version 12.00
# Visual Studio Version 17
VisualStudioVersion = 17.11.35222.181
MinimumVisualStudioVersion = 10.0.40219.1
Project("{FAE04EC0-301F-11D3-BF4B-00C04F79EFBC}") = "TryCatchFinallyBasic", "TryCatchFinallyBasic\TryCatchFinallyBasic.csproj", "{E39F6089-E961-420A-926B-431F403813CD}"
EndProject
Global
	GlobalSection(SolutionConfigurationPlatforms) = preSolution
		Debug|Any CPU = Debug|Any CPU
		Release|Any CPU = Release|Any CPU
	EndGlobalSection
	GlobalSection(ProjectConfigurationPlatforms) = postSolution
		{E39F6089-E961-420A-926B-431F403813CD}.Debug|Any CPU.ActiveCfg = Debug|Any CPU
		{E39F6089-E961-420A-926B-431F403813CD}.Debug|Any CPU.Build.0 = Debug|Any CPU
		{E39F6089-E961-420A-926B-431F403813CD}.Release|Any CPU.ActiveCfg = Release|Any CPU
		{E39F6089-E961-420A-926B-431F403813CD}.Release|Any CPU.Build.0 = Release|Any CPU
	EndGlobalSection
	GlobalSection(SolutionProperties) = preSolution
		HideSolutionNode = FALSE
	EndGlobalSection
	GlobalSection(ExtensibilityGlobals) = postSolution
		SolutionGuid = {5BB7A42A-3CD0-4961-8835-5715C448F0C0}
	EndGlobalSection
EndGlobal
